<?xml version="1.0" encoding="utf-8"?>
<Project ToolsVersion="4.0" xmlns="http://schemas.microsoft.com/developer/msbuild/2003">
  <ItemGroup>
    <Filter Include="Core">
      <UniqueIdentifier>{2EB4837C-1AEB-840D-C3D7-6A10AFED000F}</UniqueIdentifier>
    </Filter>
    <Filter Include="Window">
      <UniqueIdentifier>{3DEA79DA-298C-A4B0-1247-B804FE872B01}</UniqueIdentifier>
    </Filter>
  </ItemGroup>
  <ItemGroup>
    <ClInclude Include="src\Core.h">
      <Filter>Core</Filter>
    </ClInclude>
    <ClInclude Include="src\Core\Render.h" />
    <ClInclude Include="src\Window\Window.h">
      <Filter>Window</Filter>
    </ClInclude>
    <ClInclude Include="src\pch.h" />
    <ClInclude Include="src\Core\App.h" />
    <ClInclude Include="src\Defs.h" />
    <ClInclude Include="src\Entities\Entity.h" />
    <ClInclude Include="src\Core\Extra.h" />
    <ClInclude Include="src\Core\Helper.h" />
    <ClInclude Include="src\Core\Vertex.h" />
  </ItemGroup>
  <ItemGroup>
    <ClCompile Include="src\Window\Window.cpp">
      <Filter>Window</Filter>
    </ClCompile>
    <ClCompile Include="src\pch.cpp" />
    <ClCompile Include="src\Core\App.cpp" />
    <ClCompile Include="src\Entities\Entity.cpp" />
    <ClCompile Include="src\Core\Extra.cpp" />
    <ClCompile Include="src\Core\Helper.cpp" />
    <ClCompile Include="src\Core\Vertex.cpp" />
  </ItemGroup>
  <ItemGroup>
    <None Include="cpp.hint" />
    <None Include="src\Shaders\shader.vert" />
    <None Include="src\Shaders\shader.frag" />
  </ItemGroup>
</Project>